dependencies:
  espressif/led_strip:
    component_hash: f0d1b7f93eb3ee57bcfd220656176b0b5616e1947f89ed44364555cf910c4840
    dependencies:
    - name: idf
      require: private
      version: '>=5.0'
    source:
      registry_url: https://components.espressif.com/
      type: service
    version: 3.0.2
  idf:
    source:
      type: idf
    version: 5.3.1
direct_dependencies:
- espressif/led_strip
- idf
manifest_hash: 8bc27274d2234e36eac8f5cbd7df96eac48a4690a91cc6ad20245093a7ceacaf
target: esp32c3
version: 2.0.0
